// !$*UTF8*$!
{
	archiveVersion = 1;
	classes = {
	};
	objectVersion = 46;
	objects = {

/* Begin PBXBuildFile section */
		8F79BE4A1B47C13500F9EF5F /* AppDelegate.swift in Sources */ = {isa = PBXBuildFile; fileRef = 8F79BE491B47C13500F9EF5F /* AppDelegate.swift */; };
		8F79BE4C1B47C13500F9EF5F /* ViewController.swift in Sources */ = {isa = PBXBuildFile; fileRef = 8F79BE4B1B47C13500F9EF5F /* ViewController.swift */; };
		8F79BE4F1B47C13500F9EF5F /* Main.storyboard in Resources */ = {isa = PBXBuildFile; fileRef = 8F79BE4D1B47C13500F9EF5F /* Main.storyboard */; };
		8F79BE511B47C13500F9EF5F /* Assets.xcassets in Resources */ = {isa = PBXBuildFile; fileRef = 8F79BE501B47C13500F9EF5F /* Assets.xcassets */; };
		8F79BE541B47C13500F9EF5F /* LaunchScreen.storyboard in Resources */ = {isa = PBXBuildFile; fileRef = 8F79BE521B47C13500F9EF5F /* LaunchScreen.storyboard */; };
		8F79BE5F1B47C13500F9EF5F /* iCamelTests.swift in Sources */ = {isa = PBXBuildFile; fileRef = 8F79BE5E1B47C13500F9EF5F /* iCamelTests.swift */; };
		8F79BE6A1B47C13500F9EF5F /* iCamelUITests.swift in Sources */ = {isa = PBXBuildFile; fileRef = 8F79BE691B47C13500F9EF5F /* iCamelUITests.swift */; };
/* End PBXBuildFile section */

/* Begin PBXContainerItemProxy section */
		8F79BE5B1B47C13500F9EF5F /* PBXContainerItemProxy */ = {
			isa = PBXContainerItemProxy;
			containerPortal = 8F79BE3E1B47C13500F9EF5F /* Project object */;
			proxyType = 1;
			remoteGlobalIDString = 8F79BE451B47C13500F9EF5F;
			remoteInfo = iCamel;
		};
		8F79BE661B47C13500F9EF5F /* PBXContainerItemProxy */ = {
			isa = PBXContainerItemProxy;
			containerPortal = 8F79BE3E1B47C13500F9EF5F /* Project object */;
			proxyType = 1;
			remoteGlobalIDString = 8F79BE451B47C13500F9EF5F;
			remoteInfo = iCamel;
		};
/* End PBXContainerItemProxy section */

/* Begin PBXFileReference section */
		8F79BE461B47C13500F9EF5F /* iCamel.app */ = {isa = PBXFileReference; explicitFileType = wrapper.application; includeInIndex = 0; path = iCamel.app; sourceTree = BUILT_PRODUCTS_DIR; };
		8F79BE491B47C13500F9EF5F /* AppDelegate.swift */ = {isa = PBXFileReference; lastKnownFileType = sourcecode.swift; path = AppDelegate.swift; sourceTree = "<group>"; };
		8F79BE4B1B47C13500F9EF5F /* ViewController.swift */ = {isa = PBXFileReference; lastKnownFileType = sourcecode.swift; path = ViewController.swift; sourceTree = "<group>"; };
		8F79BE4E1B47C13500F9EF5F /* Base */ = {isa = PBXFileReference; lastKnownFileType = file.storyboard; name = Base; path = Base.lproj/Main.storyboard; sourceTree = "<group>"; };
		8F79BE501B47C13500F9EF5F /* Assets.xcassets */ = {isa = PBXFileReference; lastKnownFileType = folder.assetcatalog; path = Assets.xcassets; sourceTree = "<group>"; };
		8F79BE531B47C13500F9EF5F /* Base */ = {isa = PBXFileReference; lastKnownFileType = file.storyboard; name = Base; path = Base.lproj/LaunchScreen.storyboard; sourceTree = "<group>"; };
		8F79BE551B47C13500F9EF5F /* Info.plist */ = {isa = PBXFileReference; lastKnownFileType = text.plist.xml; path = Info.plist; sourceTree = "<group>"; };
		8F79BE5A1B47C13500F9EF5F /* iCamelTests.xctest */ = {isa = PBXFileReference; explicitFileType = wrapper.cfbundle; includeInIndex = 0; path = iCamelTests.xctest; sourceTree = BUILT_PRODUCTS_DIR; };
		8F79BE5E1B47C13500F9EF5F /* iCamelTests.swift */ = {isa = PBXFileReference; lastKnownFileType = sourcecode.swift; path = iCamelTests.swift; sourceTree = "<group>"; };
		8F79BE601B47C13500F9EF5F /* Info.plist */ = {isa = PBXFileReference; lastKnownFileType = text.plist.xml; path = Info.plist; sourceTree = "<group>"; };
		8F79BE651B47C13500F9EF5F /* iCamelUITests.xctest */ = {isa = PBXFileReference; explicitFileType = wrapper.cfbundle; includeInIndex = 0; path = iCamelUITests.xctest; sourceTree = BUILT_PRODUCTS_DIR; };
		8F79BE691B47C13500F9EF5F /* iCamelUITests.swift */ = {isa = PBXFileReference; lastKnownFileType = sourcecode.swift; path = iCamelUITests.swift; sourceTree = "<group>"; };
		8F79BE6B1B47C13500F9EF5F /* Info.plist */ = {isa = PBXFileReference; lastKnownFileType = text.plist.xml; path = Info.plist; sourceTree = "<group>"; };
/* End PBXFileReference section */

/* Begin PBXFrameworksBuildPhase section */
		8F79BE431B47C13500F9EF5F /* Frameworks */ = {
			isa = PBXFrameworksBuildPhase;
			buildActionMask = 2147483647;
			files = (
			);
			runOnlyForDeploymentPostprocessing = 0;
		};
		8F79BE571B47C13500F9EF5F /* Frameworks */ = {
			isa = PBXFrameworksBuildPhase;
			buildActionMask = 2147483647;
			files = (
			);
			runOnlyForDeploymentPostprocessing = 0;
		};
		8F79BE621B47C13500F9EF5F /* Frameworks */ = {
			isa = PBXFrameworksBuildPhase;
			buildActionMask = 2147483647;
			files = (
			);
			runOnlyForDeploymentPostprocessing = 0;
		};
/* End PBXFrameworksBuildPhase section */

/* Begin PBXGroup section */
		8F79BE3D1B47C13500F9EF5F = {
			isa = PBXGroup;
			children = (
				8F79BE481B47C13500F9EF5F /* iCamel */,
				8F79BE5D1B47C13500F9EF5F /* iCamelTests */,
				8F79BE681B47C13500F9EF5F /* iCamelUITests */,
				8F79BE471B47C13500F9EF5F /* Products */,
			);
			sourceTree = "<group>";
		};
		8F79BE471B47C13500F9EF5F /* Products */ = {
			isa = PBXGroup;
			children = (
				8F79BE461B47C13500F9EF5F /* iCamel.app */,
				8F79BE5A1B47C13500F9EF5F /* iCamelTests.xctest */,
				8F79BE651B47C13500F9EF5F /* iCamelUITests.xctest */,
			);
			name = Products;
			sourceTree = "<group>";
		};
		8F79BE481B47C13500F9EF5F /* iCamel */ = {
			isa = PBXGroup;
			children = (
				8F79BE491B47C13500F9EF5F /* AppDelegate.swift */,
				8F79BE4B1B47C13500F9EF5F /* ViewController.swift */,
				8F79BE4D1B47C13500F9EF5F /* Main.storyboard */,
				8F79BE501B47C13500F9EF5F /* Assets.xcassets */,
				8F79BE521B47C13500F9EF5F /* LaunchScreen.storyboard */,
				8F79BE551B47C13500F9EF5F /* Info.plist */,
			);
			path = iCamel;
			sourceTree = "<group>";
		};
		8F79BE5D1B47C13500F9EF5F /* iCamelTests */ = {
			isa = PBXGroup;
			children = (
				8F79BE5E1B47C13500F9EF5F /* iCamelTests.swift */,
				8F79BE601B47C13500F9EF5F /* Info.plist */,
			);
			path = iCamelTests;
			sourceTree = "<group>";
		};
		8F79BE681B47C13500F9EF5F /* iCamelUITests */ = {
			isa = PBXGroup;
			children = (
				8F79BE691B47C13500F9EF5F /* iCamelUITests.swift */,
				8F79BE6B1B47C13500F9EF5F /* Info.plist */,
			);
			path = iCamelUITests;
			sourceTree = "<group>";
		};
/* End PBXGroup section */

/* Begin PBXNativeTarget section */
		8F79BE451B47C13500F9EF5F /* iCamel */ = {
			isa = PBXNativeTarget;
			buildConfigurationList = 8F79BE6E1B47C13500F9EF5F /* Build configuration list for PBXNativeTarget "iCamel" */;
			buildPhases = (
				8F79BE421B47C13500F9EF5F /* Sources */,
				8F79BE431B47C13500F9EF5F /* Frameworks */,
				8F79BE441B47C13500F9EF5F /* Resources */,
			);
			buildRules = (
			);
			dependencies = (
			);
			name = iCamel;
			productName = iCamel;
			productReference = 8F79BE461B47C13500F9EF5F /* iCamel.app */;
			productType = "com.apple.product-type.application";
		};
		8F79BE591B47C13500F9EF5F /* iCamelTests */ = {
			isa = PBXNativeTarget;
			buildConfigurationList = 8F79BE711B47C13500F9EF5F /* Build configuration list for PBXNativeTarget "iCamelTests" */;
			buildPhases = (
				8F79BE561B47C13500F9EF5F /* Sources */,
				8F79BE571B47C13500F9EF5F /* Frameworks */,
				8F79BE581B47C13500F9EF5F /* Resources */,
			);
			buildRules = (
			);
			dependencies = (
				8F79BE5C1B47C13500F9EF5F /* PBXTargetDependency */,
			);
			name = iCamelTests;
			productName = iCamelTests;
			productReference = 8F79BE5A1B47C13500F9EF5F /* iCamelTests.xctest */;
			productType = "com.apple.product-type.bundle.unit-test";
		};
		8F79BE641B47C13500F9EF5F /* iCamelUITests */ = {
			isa = PBXNativeTarget;
			buildConfigurationList = 8F79BE741B47C13500F9EF5F /* Build configuration list for PBXNativeTarget "iCamelUITests" */;
			buildPhases = (
				8F79BE611B47C13500F9EF5F /* Sources */,
				8F79BE621B47C13500F9EF5F /* Frameworks */,
				8F79BE631B47C13500F9EF5F /* Resources */,
			);
			buildRules = (
			);
			dependencies = (
				8F79BE671B47C13500F9EF5F /* PBXTargetDependency */,
			);
			name = iCamelUITests;
			productName = iCamelUITests;
			productReference = 8F79BE651B47C13500F9EF5F /* iCamelUITests.xctest */;
			productType = "com.apple.product-type.bundle.ui-testing";
		};
/* End PBXNativeTarget section */

/* Begin PBXProject section */
		8F79BE3E1B47C13500F9EF5F /* Project object */ = {
			isa = PBXProject;
			attributes = {
				LastUpgradeCheck = 0700;
				ORGANIZATIONNAME = "Sayan Das";
				TargetAttributes = {
					8F79BE451B47C13500F9EF5F = {
						CreatedOnToolsVersion = 7.0;
					};
					8F79BE591B47C13500F9EF5F = {
						CreatedOnToolsVersion = 7.0;
						TestTargetID = 8F79BE451B47C13500F9EF5F;
					};
					8F79BE641B47C13500F9EF5F = {
						CreatedOnToolsVersion = 7.0;
						TestTargetID = 8F79BE451B47C13500F9EF5F;
					};
				};
			};
			buildConfigurationList = 8F79BE411B47C13500F9EF5F /* Build configuration list for PBXProject "iCamel" */;
			compatibilityVersion = "Xcode 3.2";
			developmentRegion = English;
			hasScannedForEncodings = 0;
			knownRegions = (
				en,
				Base,
			);
			mainGroup = 8F79BE3D1B47C13500F9EF5F;
			productRefGroup = 8F79BE471B47C13500F9EF5F /* Products */;
			projectDirPath = "";
			projectRoot = "";
			targets = (
				8F79BE451B47C13500F9EF5F /* iCamel */,
				8F79BE591B47C13500F9EF5F /* iCamelTests */,
				8F79BE641B47C13500F9EF5F /* iCamelUITests */,
			);
		};
/* End PBXProject section */

/* Begin PBXResourcesBuildPhase section */
		8F79BE441B47C13500F9EF5F /* Resources */ = {
			isa = PBXResourcesBuildPhase;
			buildActionMask = 2147483647;
			files = (
				8F79BE541B47C13500F9EF5F /* LaunchScreen.storyboard in Resources */,
				8F79BE511B47C13500F9EF5F /* Assets.xcassets in Resources */,
				8F79BE4F1B47C13500F9EF5F /* Main.storyboard in Resources */,
			);
			runOnlyForDeploymentPostprocessing = 0;
		};
		8F79BE581B47C13500F9EF5F /* Resources */ = {
			isa = PBXResourcesBuildPhase;
			buildActionMask = 2147483647;
			files = (
			);
			runOnlyForDeploymentPostprocessing = 0;
		};
		8F79BE631B47C13500F9EF5F /* Resources */ = {
			isa = PBXResourcesBuildPhase;
			buildActionMask = 2147483647;
			files = (
			);
			runOnlyForDeploymentPostprocessing = 0;
		};
/* End PBXResourcesBuildPhase section */

/* Begin PBXSourcesBuildPhase section */
		8F79BE421B47C13500F9EF5F /* Sources */ = {
			isa = PBXSourcesBuildPhase;
			buildActionMask = 2147483647;
			files = (
				8F79BE4C1B47C13500F9EF5F /* ViewController.swift in Sources */,
				8F79BE4A1B47C13500F9EF5F /* AppDelegate.swift in Sources */,
			);
			runOnlyForDeploymentPostprocessing = 0;
		};
		8F79BE561B47C13500F9EF5F /* Sources */ = {
			isa = PBXSourcesBuildPhase;
			buildActionMask = 2147483647;
			files = (
				8F79BE5F1B47C13500F9EF5F /* iCamelTests.swift in Sources */,
			);
			runOnlyForDeploymentPostprocessing = 0;
		};
		8F79BE611B47C13500F9EF5F /* Sources */ = {
			isa = PBXSourcesBuildPhase;
			buildActionMask = 2147483647;
			files = (
				8F79BE6A1B47C13500F9EF5F /* iCamelUITests.swift in Sources */,
			);
			runOnlyForDeploymentPostprocessing = 0;
		};
/* End PBXSourcesBuildPhase section */

/* Begin PBXTargetDependency section */
		8F79BE5C1B47C13500F9EF5F /* PBXTargetDependency */ = {
			isa = PBXTargetDependency;
			target = 8F79BE451B47C13500F9EF5F /* iCamel */;
			targetProxy = 8F79BE5B1B47C13500F9EF5F /* PBXContainerItemProxy */;
		};
		8F79BE671B47C13500F9EF5F /* PBXTargetDependency */ = {
			isa = PBXTargetDependency;
			target = 8F79BE451B47C13500F9EF5F /* iCamel */;
			targetProxy = 8F79BE661B47C13500F9EF5F /* PBXContainerItemProxy */;
		};
/* End PBXTargetDependency section */

/* Begin PBXVariantGroup section */
		8F79BE4D1B47C13500F9EF5F /* Main.storyboard */ = {
			isa = PBXVariantGroup;
			children = (
				8F79BE4E1B47C13500F9EF5F /* Base */,
			);
			name = Main.storyboard;
			sourceTree = "<group>";
		};
		8F79BE521B47C13500F9EF5F /* LaunchScreen.storyboard */ = {
			isa = PBXVariantGroup;
			children = (
				8F79BE531B47C13500F9EF5F /* Base */,
			);
			name = LaunchScreen.storyboard;
			sourceTree = "<group>";
		};
/* End PBXVariantGroup section */

/* Begin XCBuildConfiguration section */
		8F79BE6C1B47C13500F9EF5F /* Debug */ = {
			isa = XCBuildConfiguration;
			buildSettings = {
				ALWAYS_SEARCH_USER_PATHS = NO;
				CLANG_CXX_LANGUAGE_STANDARD = "gnu++0x";
				CLANG_CXX_LIBRARY = "libc++";
				CLANG_ENABLE_MODULES = YES;
				CLANG_ENABLE_OBJC_ARC = YES;
				CLANG_WARN_BOOL_CONVERSION = YES;
				CLANG_WARN_CONSTANT_CONVERSION = YES;
				CLANG_WARN_DIRECT_OBJC_ISA_USAGE = YES_ERROR;
				CLANG_WARN_EMPTY_BODY = YES;
				CLANG_WARN_ENUM_CONVERSION = YES;
				CLANG_WARN_INT_CONVERSION = YES;
				CLANG_WARN_OBJC_ROOT_CLASS = YES_ERROR;
				CLANG_WARN_UNREACHABLE_CODE = YES;
				CLANG_WARN__DUPLICATE_METHOD_MATCH = YES;
				"CODE_SIGN_IDENTITY[sdk=iphoneos*]" = "iPhone Developer";
				COPY_PHASE_STRIP = NO;
				DEBUG_INFORMATION_FORMAT = dwarf;
				ENABLE_STRICT_OBJC_MSGSEND = YES;
				ENABLE_TESTABILITY = YES;
				GCC_C_LANGUAGE_STANDARD = gnu99;
				GCC_DYNAMIC_NO_PIC = NO;
				GCC_NO_COMMON_BLOCKS = YES;
				GCC_OPTIMIZATION_LEVEL = 0;
				GCC_PREPROCESSOR_DEFINITIONS = (
					"DEBUG=1",
					"$(inherited)",
				);
				GCC_WARN_64_TO_32_BIT_CONVERSION = YES;
				GCC_WARN_ABOUT_RETURN_TYPE = YES_ERROR;
				GCC_WARN_UNDECLARED_SELECTOR = YES;
				GCC_WARN_UNINITIALIZED_AUTOS = YES_AGGRESSIVE;
				GCC_WARN_UNUSED_FUNCTION = YES;
				GCC_WARN_UNUSED_VARIABLE = YES;
				IPHONEOS_DEPLOYMENT_TARGET = 9.0;
				MTL_ENABLE_DEBUG_INFO = YES;
				ONLY_ACTIVE_ARCH = YES;
				SDKROOT = iphoneos;
				SWIFT_OPTIMIZATION_LEVEL = "-Onone";
				TARGETED_DEVICE_FAMILY = "1,2";
			};
			name = Debug;
		};
		8F79BE6D1B47C13500F9EF5F /* Release */ = {
			isa = XCBuildConfiguration;
			buildSettings = {
				ALWAYS_SEARCH_USER_PATHS = NO;
				CLANG_CXX_LANGUAGE_STANDARD = "gnu++0x";
				CLANG_CXX_LIBRARY = "libc++";
				CLANG_ENABLE_MODULES = YES;
				CLANG_ENABLE_OBJC_ARC = YES;
				CLANG_WARN_BOOL_CONVERSION = YES;
				CLANG_WARN_CONSTANT_CONVERSION = YES;
				CLANG_WARN_DIRECT_OBJC_ISA_USAGE = YES_ERROR;
				CLANG_WARN_EMPTY_BODY = YES;
				CLANG_WARN_ENUM_CONVERSION = YES;
				CLANG_WARN_INT_CONVERSION = YES;
				CLANG_WARN_OBJC_ROOT_CLASS = YES_ERROR;
				CLANG_WARN_UNREACHABLE_CODE = YES;
				CLANG_WARN__DUPLICATE_METHOD_MATCH = YES;
				"CODE_SIGN_IDENTITY[sdk=iphoneos*]" = "iPhone Developer";
				COPY_PHASE_STRIP = NO;
				DEBUG_INFORMATION_FORMAT = "dwarf-with-dsym";
				ENABLE_NS_ASSERTIONS = NO;
				ENABLE_STRICT_OBJC_MSGSEND = YES;
				GCC_C_LANGUAGE_STANDARD = gnu99;
				GCC_NO_COMMON_BLOCKS = YES;
				GCC_WARN_64_TO_32_BIT_CONVERSION = YES;
				GCC_WARN_ABOUT_RETURN_TYPE = YES_ERROR;
				GCC_WARN_UNDECLARED_SELECTOR = YES;
				GCC_WARN_UNINITIALIZED_AUTOS = YES_AGGRESSIVE;
				GCC_WARN_UNUSED_FUNCTION = YES;
				GCC_WARN_UNUSED_VARIABLE = YES;
				IPHONEOS_DEPLOYMENT_TARGET = 9.0;
				MTL_ENABLE_DEBUG_INFO = NO;
				SDKROOT = iphoneos;
				TARGETED_DEVICE_FAMILY = "1,2";
				VALIDATE_PRODUCT = YES;
			};
			name = Release;
		};
		8F79BE6F1B47C13500F9EF5F /* Debug */ = {
			isa = XCBuildConfiguration;
			buildSettings = {
				ASSETCATALOG_COMPILER_APPICON_NAME = AppIcon;
				INFOPLIST_FILE = iCamel/Info.plist;
				LD_RUNPATH_SEARCH_PATHS = "$(inherited) @executable_path/Frameworks";
				PRODUCT_BUNDLE_IDENTIFIER = "SudoCrawler.srm.Sayan-Das.iCamel";
				PRODUCT_NAME = "$(TARGET_NAME)";
			};
			name = Debug;
		};
		8F79BE701B47C13500F9EF5F /* Release */ = {
			isa = XCBuildConfiguration;
			buildSettings = {
				ASSETCATALOG_COMPILER_APPICON_NAME = AppIcon;
				INFOPLIST_FILE = iCamel/Info.plist;
				LD_RUNPATH_SEARCH_PATHS = "$(inherited) @executable_path/Frameworks";
				PRODUCT_BUNDLE_IDENTIFIER = "SudoCrawler.srm.Sayan-Das.iCamel";
				PRODUCT_NAME = "$(TARGET_NAME)";
			};
			name = Release;
		};
		8F79BE721B47C13500F9EF5F /* Debug */ = {
			isa = XCBuildConfiguration;
			buildSettings = {
				BUNDLE_LOADER = "$(TEST_HOST)";
				INFOPLIST_FILE = iCamelTests/Info.plist;
				LD_RUNPATH_SEARCH_PATHS = "$(inherited) @executable_path/Frameworks @loader_path/Frameworks";
				PRODUCT_BUNDLE_IDENTIFIER = "SudoCrawler.srm.Sayan-Das.iCamelTests";
				PRODUCT_NAME = "$(TARGET_NAME)";
				TEST_HOST = "$(BUILT_PRODUCTS_DIR)/iCamel.app/iCamel";
			};
			name = Debug;
		};
		8F79BE731B47C13500F9EF5F /* Release */ = {
			isa = XCBuildConfiguration;
			buildSettings = {
				BUNDLE_LOADER = "$(TEST_HOST)";
				INFOPLIST_FILE = iCamelTests/Info.plist;
				LD_RUNPATH_SEARCH_PATHS = "$(inherited) @executable_path/Frameworks @loader_path/Frameworks";
				PRODUCT_BUNDLE_IDENTIFIER = "SudoCrawler.srm.Sayan-Das.iCamelTests";
				PRODUCT_NAME = "$(TARGET_NAME)";
				TEST_HOST = "$(BUILT_PRODUCTS_DIR)/iCamel.app/iCamel";
			};
			name = Release;
		};
		8F79BE751B47C13500F9EF5F /* Debug */ = {
			isa = XCBuildConfiguration;
			buildSettings = {
				INFOPLIST_FILE = iCamelUITests/Info.plist;
				LD_RUNPATH_SEARCH_PATHS = "$(inherited) @executable_path/Frameworks @loader_path/Frameworks";
				PRODUCT_BUNDLE_IDENTIFIER = "SudoCrawler.srm.Sayan-Das.iCamelUITests";
				PRODUCT_NAME = "$(TARGET_NAME)";
				TEST_TARGET_NAME = iCamel;
				USES_XCTRUNNER = YES;
			};
			name = Debug;
		};
		8F79BE761B47C13500F9EF5F /* Release */ = {
			isa = XCBuildConfiguration;
			buildSettings = {
				INFOPLIST_FILE = iCamelUITests/Info.plist;
				LD_RUNPATH_SEARCH_PATHS = "$(inherited) @executable_path/Frameworks @loader_path/Frameworks";
				PRODUCT_BUNDLE_IDENTIFIER = "SudoCrawler.srm.Sayan-Das.iCamelUITests";
				PRODUCT_NAME = "$(TARGET_NAME)";
				TEST_TARGET_NAME = iCamel;
				USES_XCTRUNNER = YES;
			};
			name = Release;
		};
/* End XCBuildConfiguration section */

/* Begin XCConfigurationList section */
		8F79BE411B47C13500F9EF5F /* Build configuration list for PBXProject "iCamel" */ = {
			isa = XCConfigurationList;
			buildConfigurations = (
				8F79BE6C1B47C13500F9EF5F /* Debug */,
				8F79BE6D1B47C13500F9EF5F /* Release */,
			);
			defaultConfigurationIsVisible = 0;
			defaultConfigurationName = Release;
		};
		8F79BE6E1B47C13500F9EF5F /* Build configuration list for PBXNativeTarget "iCamel" */ = {
			isa = XCConfigurationList;
			buildConfigurations = (
				8F79BE6F1B47C13500F9EF5F /* Debug */,
				8F79BE701B47C13500F9EF5F /* Release */,
			);
			defaultConfigurationIsVisible = 0;
		};
		8F79BE711B47C13500F9EF5F /* Build configuration list for PBXNativeTarget "iCamelTests" */ = {
			isa = XCConfigurationList;
			buildConfigurations = (
				8F79BE721B47C13500F9EF5F /* Debug */,
				8F79BE731B47C13500F9EF5F /* Release */,
			);
			defaultConfigurationIsVisible = 0;
		};
		8F79BE741B47C13500F9EF5F /* Build configuration list for PBXNativeTarget "iCamelUITests" */ = {
			isa = XCConfigurationList;
			buildConfigurations = (
				8F79BE751B47C13500F9EF5F /* Debug */,
				8F79BE761B47C13500F9EF5F /* Release */,
			);
			defaultConfigurationIsVisible = 0;
		};
/* End XCConfigurationList section */
	};
	rootObject = 8F79BE3E1B47C13500F9EF5F /* Project object */;
}
